{"1.2.0",
[{<<"bear">>,{pkg,<<"bear">>,<<"0.8.7">>},2},
 {<<"certifi">>,{pkg,<<"certifi">>,<<"2.17.0">>},1},
 {<<"exometer_core">>,{pkg,<<"exometer_core">>,<<"1.5.2">>},0},
 {<<"folsom">>,{pkg,<<"folsom">>,<<"0.8.7">>},1},
 {<<"goldrush">>,{pkg,<<"goldrush">>,<<"0.1.9">>},2},
 {<<"h2">>,{pkg,<<"h2">>,<<"0.11.0">>},1},
 {<<"hackney">>,{pkg,<<"hackney">>,<<"4.6.1">>},0},
 {<<"hut">>,{pkg,<<"hut">>,<<"1.2.0">>},1},
 {<<"idna">>,{pkg,<<"idna">>,<<"7.1.0">>},1},
 {<<"lager">>,{pkg,<<"lager">>,<<"3.5.2">>},1},
 {<<"mimerl">>,{pkg,<<"mimerl">>,<<"1.5.0">>},1},
 {<<"parse_trans">>,{pkg,<<"parse_trans">>,<<"3.2.0">>},1},
 {<<"quic">>,{pkg,<<"quic">>,<<"1.7.0">>},1},
 {<<"setup">>,{pkg,<<"setup">>,<<"1.8.4">>},1},
 {<<"ssl_verify_fun">>,{pkg,<<"ssl_verify_fun">>,<<"1.1.7">>},1},
 {<<"webtransport">>,{pkg,<<"webtransport">>,<<"0.4.3">>},1}]}.
[
{pkg_hash,[
 {<<"bear">>, <<"16264309AE5D005D03718A5C82641FCC259C9E8F09ADEB6FD79CA4271168656F">>},
 {<<"certifi">>, <<"835748414307E15E05B17D0E518190228CE648B08D569A5CC93A85A40F3E5C9B">>},
 {<<"exometer_core">>, <<"62A99A361BA8A14D53857D4C716A191E810299D2F43C5C981EB7B086C0BFCCE1">>},
 {<<"folsom">>, <<"A885F0AEEE4C84270954C88A55A5A473D6B2C7493E32FFDC5765412DD555A951">>},
 {<<"goldrush">>, <<"F06E5D5F1277DA5C413E84D5A2924174182FB108DABB39D5EC548B27424CD106">>},
 {<<"h2">>, <<"B8C9F7C86F400582C5CBED59F79C0EFD6CF49AD6478C210BEDE91D2D15019B14">>},
 {<<"hackney">>, <<"9C59B3802B0F6340F39901C1B3ACCCCBDB76DA5AD7C7A6FA79B6C4664814ECA5">>},
 {<<"hut">>, <<"0089DF0FAA2827C605BBADA88153F24FFF5EA7A4BE32ECF0250A7FDC2719CAFB">>},
 {<<"idna">>, <<"1067A13043538129602D2F2CE6899D8713125C7D19734AA557CE2E3EA55BD4F1">>},
 {<<"lager">>, <<"614A8C8F67BF99B69EB264EA22121AD25511C055AAEC09B086773D5108C6767F">>},
 {<<"mimerl">>, <<"F35ACA6F23242339B3666E0AC0702379E362B469D0AEA167F6CC713547E777ED">>},
 {<<"parse_trans">>, <<"2ADFA4DAF80C14DC36F522CF190EB5C4EE3E28008FC6394397C16F62A26258C2">>},
 {<<"quic">>, <<"EBCF105FB16CA4D954C3BBD2E5BCDA7650074F3E3A9CA80135DBEE2607E0C27E">>},
 {<<"setup">>, <<"738DB0685DC1741F45C6A9BF78478E0D5877F3D0876C0B50FD02F0210EDB5AA4">>},
 {<<"ssl_verify_fun">>, <<"354C321CF377240C7B8716899E182CE4890C5938111A1296ADD3EC74CF1715DF">>},
 {<<"webtransport">>, <<"DF0C53DA138CDC5F3390A31EF612CAA3A041C23E18C1A0B6FBD4D72743277806">>}]},
{pkg_hash_ext,[
 {<<"bear">>, <<"534217DCE6A719D59E54FB0EB7A367900DBFC5F85757E8C1F94269DF383F6D9B">>},
 {<<"certifi">>, <<"8122798A17F0293C80DAADA25D0F81C7F4D708C73FEF782C7C9B1950E26E4D21">>},
 {<<"exometer_core">>, <<"8E96DF787F97B4BD99A9DA762E2FEA1DB88DE9A73CC3A3A1DA5764DFD3E44DD9">>},
 {<<"folsom">>, <<"F7B644FC002A75AF00B8BFBD3CC5C2BD955E09A118D2982D9A6C04E5646FF367">>},
 {<<"goldrush">>, <<"99CB4128CFFCB3227581E5D4D803D5413FA643F4EB96523F77D9E6937D994CEB">>},
 {<<"h2">>, <<"C61F24361D0DC76375EAF35C2BF0E01235D81B7685538DF571DB036467FAC358">>},
 {<<"hackney">>, <<"AC88DFD851D5F6EC7A195EC66A13653B22D1E41D2C3EEBF9F4DA4AB0CD7F76A8">>},
 {<<"hut">>, <<"097BA947258873DFB4C7697B44677F3AC87DAC76AD4A30C0440AFEFBC18EB233">>},
 {<<"idna">>, <<"6AE959A025BF36DF61A8CAB8508D9654891B5426A84C44D82DEAFFD6DDF8C71F">>},
 {<<"lager">>, <<"DA9276CF7AE3462F54EF2D6540AEB0AE0C0AB9C15222DD64C278C8B0065AC520">>},
 {<<"mimerl">>, <<"DB648CE065BAE14EA84CA8B5DD123F42F49417CEF693541110BF6F9E9BE9ECC4">>},
 {<<"parse_trans">>, <<"578B1D484720749499DB5654091DDAC818EA0B6D568F2C99C562D2A6DD4AA117">>},
 {<<"quic">>, <<"D0D304E5FDA48754A570B90B103153F780F9926C15F6EABFE1B343E4F61E32DF">>},
 {<<"setup">>, <<"DDE429443BCF40519EB02E45CAA589A3D0193A8BF59CFAFE8270E2B883F37430">>},
 {<<"ssl_verify_fun">>, <<"FE4C190E8F37401D30167C8C405EDA19469F34577987C76DDE613E838BBC67F8">>},
 {<<"webtransport">>, <<"3AE8C76696CDB56BEE3CAF1DD853A0A596339886468CA17C578A9BFD647DAB9D">>}]}
].
